// !$*UTF8*$!
{
	archiveVersion = 1;
	classes = {
	};
	objectVersion = 51;
	objects = {

/* Begin PBXBuildFile section */
		019FC209E60C87AA085AD48B /* Pods_ChatlerTests.framework in Frameworks */ = {isa = PBXBuildFile; fileRef = B32AF8336502DA5C67FFDCDD /* Pods_ChatlerTests.framework */; };
		6F3439A6995E7F1FE565F2D4 /* Pods_Chatler_ChatlerUITests.framework in Frameworks */ = {isa = PBXBuildFile; fileRef = 2B7BB4CAEBCD6BD01190D34D /* Pods_Chatler_ChatlerUITests.framework */; };
		730F5A0C3F72C5254FAB69EA /* Pods_Chatler.framework in Frameworks */ = {isa = PBXBuildFile; fileRef = F6BA2C3012B5FA06F4A80E98 /* Pods_Chatler.framework */; };
		B1287D4B26B301BD0027E263 /* GoogleService-Info.plist in Resources */ = {isa = PBXBuildFile; fileRef = B1287D4A26B301BD0027E263 /* GoogleService-Info.plist */; };
		B1287D4E26B327070027E263 /* ValidationService.swift in Sources */ = {isa = PBXBuildFile; fileRef = B1287D4D26B327070027E263 /* ValidationService.swift */; };
		B1287D5026B327350027E263 /* RegistrationForm.swift in Sources */ = {isa = PBXBuildFile; fileRef = B1287D4F26B327350027E263 /* RegistrationForm.swift */; };
		B1287D5226B338C40027E263 /* RegistrationService.swift in Sources */ = {isa = PBXBuildFile; fileRef = B1287D5126B338C40027E263 /* RegistrationService.swift */; };
		B1287D5526B35DAD0027E263 /* RegistrationPresenter.swift in Sources */ = {isa = PBXBuildFile; fileRef = B1287D5426B35DAD0027E263 /* RegistrationPresenter.swift */; };
		B1287D5726B389190027E263 /* LoginService.swift in Sources */ = {isa = PBXBuildFile; fileRef = B1287D5626B389190027E263 /* LoginService.swift */; };
		B1287D5926B45EE10027E263 /* LoginPresenter.swift in Sources */ = {isa = PBXBuildFile; fileRef = B1287D5826B45EE10027E263 /* LoginPresenter.swift */; };
		B1287D5B26B72F6B0027E263 /* NewMessageController.swift in Sources */ = {isa = PBXBuildFile; fileRef = B1287D5A26B72F6B0027E263 /* NewMessageController.swift */; };
		B1287D5F26B732B50027E263 /* TableViewController.swift in Sources */ = {isa = PBXBuildFile; fileRef = B1287D5E26B732B50027E263 /* TableViewController.swift */; };
		B1287D6126B7364A0027E263 /* UserCell.swift in Sources */ = {isa = PBXBuildFile; fileRef = B1287D6026B7364A0027E263 /* UserCell.swift */; };
		B1287D6326B747740027E263 /* User.swift in Sources */ = {isa = PBXBuildFile; fileRef = B1287D6226B747740027E263 /* User.swift */; };
		B1287D6526B747D30027E263 /* Service.swift in Sources */ = {isa = PBXBuildFile; fileRef = B1287D6426B747D30027E263 /* Service.swift */; };
		B1287D6726B74A030027E263 /* NewMessageViewModel.swift in Sources */ = {isa = PBXBuildFile; fileRef = B1287D6626B74A030027E263 /* NewMessageViewModel.swift */; };
		B1287D6926B74A980027E263 /* NewMessagePresenter.swift in Sources */ = {isa = PBXBuildFile; fileRef = B1287D6826B74A980027E263 /* NewMessagePresenter.swift */; };
		B17BD9CF26B0886C0010CF3B /* CustomTextField.swift in Sources */ = {isa = PBXBuildFile; fileRef = B17BD9CE26B0886C0010CF3B /* CustomTextField.swift */; };
		B17BD9D126B090210010CF3B /* Colors.swift in Sources */ = {isa = PBXBuildFile; fileRef = B17BD9D026B090210010CF3B /* Colors.swift */; };
		B17BD9D326B09ECD0010CF3B /* Images.swift in Sources */ = {isa = PBXBuildFile; fileRef = B17BD9D226B09ECD0010CF3B /* Images.swift */; };
		B17BD9E026B0A8D70010CF3B /* Strings.swift in Sources */ = {isa = PBXBuildFile; fileRef = B17BD9DF26B0A8D70010CF3B /* Strings.swift */; };
		B17BD9E226B0AEB70010CF3B /* Fonts.swift in Sources */ = {isa = PBXBuildFile; fileRef = B17BD9E126B0AEB70010CF3B /* Fonts.swift */; };
		B17BDAAC26B1BCDD0010CF3B /* Localizable.strings in Resources */ = {isa = PBXBuildFile; fileRef = B17BDAAB26B1BCDD0010CF3B /* Localizable.strings */; };
		B17BDAAF26B1FCE70010CF3B /* ViewController.swift in Sources */ = {isa = PBXBuildFile; fileRef = B17BDAAE26B1FCE70010CF3B /* ViewController.swift */; };
		B17BDAB126B2125F0010CF3B /* CustomButton.swift in Sources */ = {isa = PBXBuildFile; fileRef = B17BDAB026B2125F0010CF3B /* CustomButton.swift */; };
		B17BDAB326B21DEF0010CF3B /* LoginViewModel.swift in Sources */ = {isa = PBXBuildFile; fileRef = B17BDAB226B21DEF0010CF3B /* LoginViewModel.swift */; };
		B17BDAB526B230B40010CF3B /* RegistrationViewModel.swift in Sources */ = {isa = PBXBuildFile; fileRef = B17BDAB426B230B40010CF3B /* RegistrationViewModel.swift */; };
		B1B0264B26AF6609008F726F /* AppDelegate.swift in Sources */ = {isa = PBXBuildFile; fileRef = B1B0264A26AF6609008F726F /* AppDelegate.swift */; };
		B1B0264D26AF6609008F726F /* SceneDelegate.swift in Sources */ = {isa = PBXBuildFile; fileRef = B1B0264C26AF6609008F726F /* SceneDelegate.swift */; };
		B1B0265226AF6609008F726F /* Main.storyboard in Resources */ = {isa = PBXBuildFile; fileRef = B1B0265026AF6609008F726F /* Main.storyboard */; };
		B1B0265426AF660A008F726F /* Assets.xcassets in Resources */ = {isa = PBXBuildFile; fileRef = B1B0265326AF660A008F726F /* Assets.xcassets */; };
		B1B0265726AF660B008F726F /* LaunchScreen.storyboard in Resources */ = {isa = PBXBuildFile; fileRef = B1B0265526AF660B008F726F /* LaunchScreen.storyboard */; };
		B1B0266226AF660B008F726F /* ChatlerTests.swift in Sources */ = {isa = PBXBuildFile; fileRef = B1B0266126AF660B008F726F /* ChatlerTests.swift */; };
		B1B0266D26AF660B008F726F /* ChatlerUITests.swift in Sources */ = {isa = PBXBuildFile; fileRef = B1B0266C26AF660B008F726F /* ChatlerUITests.swift */; };
		B1B0268326AF66D0008F726F /* ConversationsController.swift in Sources */ = {isa = PBXBuildFile; fileRef = B1B0268226AF66D0008F726F /* ConversationsController.swift */; };
		B1B0268626B03141008F726F /* LoginController.swift in Sources */ = {isa = PBXBuildFile; fileRef = B1B0268526B03141008F726F /* LoginController.swift */; };
		B1B0268826B0314B008F726F /* RegistrationController.swift in Sources */ = {isa = PBXBuildFile; fileRef = B1B0268726B0314B008F726F /* RegistrationController.swift */; };
		B1B026EB26B0378C008F726F /* Extensions.swift in Sources */ = {isa = PBXBuildFile; fileRef = B1B026EA26B0378C008F726F /* Extensions.swift */; };
		B1B026ED26B048AA008F726F /* InputContainerView.swift in Sources */ = {isa = PBXBuildFile; fileRef = B1B026EC26B048AA008F726F /* InputContainerView.swift */; };
/* End PBXBuildFile section */

/* Begin PBXContainerItemProxy section */
		B1B0265E26AF660B008F726F /* PBXContainerItemProxy */ = {
			isa = PBXContainerItemProxy;
			containerPortal = B1B0263F26AF6608008F726F /* Project object */;
			proxyType = 1;
			remoteGlobalIDString = B1B0264626AF6608008F726F;
			remoteInfo = Chatler;
		};
		B1B0266926AF660B008F726F /* PBXContainerItemProxy */ = {
			isa = PBXContainerItemProxy;
			containerPortal = B1B0263F26AF6608008F726F /* Project object */;
			proxyType = 1;
			remoteGlobalIDString = B1B0264626AF6608008F726F;
			remoteInfo = Chatler;
		};
/* End PBXContainerItemProxy section */

/* Begin PBXFileReference section */
		2B7BB4CAEBCD6BD01190D34D /* Pods_Chatler_ChatlerUITests.framework */ = {isa = PBXFileReference; explicitFileType = wrapper.framework; includeInIndex = 0; path = Pods_Chatler_ChatlerUITests.framework; sourceTree = BUILT_PRODUCTS_DIR; };
		3F20A7756668B5AB356FBE62 /* Pods-Chatler-ChatlerUITests.release.xcconfig */ = {isa = PBXFileReference; includeInIndex = 1; lastKnownFileType = text.xcconfig; name = "Pods-Chatler-ChatlerUITests.release.xcconfig"; path = "Target Support Files/Pods-Chatler-ChatlerUITests/Pods-Chatler-ChatlerUITests.release.xcconfig"; sourceTree = "<group>"; };
		46077ADC570858C6EE51FCFB /* Pods-Chatler-ChatlerUITests.debug.xcconfig */ = {isa = PBXFileReference; includeInIndex = 1; lastKnownFileType = text.xcconfig; name = "Pods-Chatler-ChatlerUITests.debug.xcconfig"; path = "Target Support Files/Pods-Chatler-ChatlerUITests/Pods-Chatler-ChatlerUITests.debug.xcconfig"; sourceTree = "<group>"; };
		986805C7F5E9451ECBC0323E /* Pods-Chatler.release.xcconfig */ = {isa = PBXFileReference; includeInIndex = 1; lastKnownFileType = text.xcconfig; name = "Pods-Chatler.release.xcconfig"; path = "Target Support Files/Pods-Chatler/Pods-Chatler.release.xcconfig"; sourceTree = "<group>"; };
		B1287D4A26B301BD0027E263 /* GoogleService-Info.plist */ = {isa = PBXFileReference; fileEncoding = 4; lastKnownFileType = text.plist.xml; path = "GoogleService-Info.plist"; sourceTree = "<group>"; };
		B1287D4D26B327070027E263 /* ValidationService.swift */ = {isa = PBXFileReference; lastKnownFileType = sourcecode.swift; path = ValidationService.swift; sourceTree = "<group>"; };
		B1287D4F26B327350027E263 /* RegistrationForm.swift */ = {isa = PBXFileReference; lastKnownFileType = sourcecode.swift; path = RegistrationForm.swift; sourceTree = "<group>"; };
		B1287D5126B338C40027E263 /* RegistrationService.swift */ = {isa = PBXFileReference; lastKnownFileType = sourcecode.swift; path = RegistrationService.swift; sourceTree = "<group>"; };
		B1287D5426B35DAD0027E263 /* RegistrationPresenter.swift */ = {isa = PBXFileReference; lastKnownFileType = sourcecode.swift; path = RegistrationPresenter.swift; sourceTree = "<group>"; };
		B1287D5626B389190027E263 /* LoginService.swift */ = {isa = PBXFileReference; lastKnownFileType = sourcecode.swift; path = LoginService.swift; sourceTree = "<group>"; };
		B1287D5826B45EE10027E263 /* LoginPresenter.swift */ = {isa = PBXFileReference; lastKnownFileType = sourcecode.swift; path = LoginPresenter.swift; sourceTree = "<group>"; };
		B1287D5A26B72F6B0027E263 /* NewMessageController.swift */ = {isa = PBXFileReference; lastKnownFileType = sourcecode.swift; path = NewMessageController.swift; sourceTree = "<group>"; };
		B1287D5E26B732B50027E263 /* TableViewController.swift */ = {isa = PBXFileReference; lastKnownFileType = sourcecode.swift; path = TableViewController.swift; sourceTree = "<group>"; };
		B1287D6026B7364A0027E263 /* UserCell.swift */ = {isa = PBXFileReference; lastKnownFileType = sourcecode.swift; path = UserCell.swift; sourceTree = "<group>"; };
		B1287D6226B747740027E263 /* User.swift */ = {isa = PBXFileReference; lastKnownFileType = sourcecode.swift; path = User.swift; sourceTree = "<group>"; };
		B1287D6426B747D30027E263 /* Service.swift */ = {isa = PBXFileReference; lastKnownFileType = sourcecode.swift; path = Service.swift; sourceTree = "<group>"; };
		B1287D6626B74A030027E263 /* NewMessageViewModel.swift */ = {isa = PBXFileReference; lastKnownFileType = sourcecode.swift; path = NewMessageViewModel.swift; sourceTree = "<group>"; };
		B1287D6826B74A980027E263 /* NewMessagePresenter.swift */ = {isa = PBXFileReference; lastKnownFileType = sourcecode.swift; path = NewMessagePresenter.swift; sourceTree = "<group>"; };
		B17BD9CE26B0886C0010CF3B /* CustomTextField.swift */ = {isa = PBXFileReference; lastKnownFileType = sourcecode.swift; path = CustomTextField.swift; sourceTree = "<group>"; };
		B17BD9D026B090210010CF3B /* Colors.swift */ = {isa = PBXFileReference; lastKnownFileType = sourcecode.swift; path = Colors.swift; sourceTree = "<group>"; };
		B17BD9D226B09ECD0010CF3B /* Images.swift */ = {isa = PBXFileReference; lastKnownFileType = sourcecode.swift; path = Images.swift; sourceTree = "<group>"; };
		B17BD9D426B0A6010010CF3B /* pt-BR */ = {isa = PBXFileReference; lastKnownFileType = text.plist.strings; name = "pt-BR"; path = "pt-BR.lproj/Main.strings"; sourceTree = "<group>"; };
		B17BD9D526B0A6010010CF3B /* pt-BR */ = {isa = PBXFileReference; lastKnownFileType = text.plist.strings; name = "pt-BR"; path = "pt-BR.lproj/LaunchScreen.strings"; sourceTree = "<group>"; };
		B17BD9DF26B0A8D70010CF3B /* Strings.swift */ = {isa = PBXFileReference; lastKnownFileType = sourcecode.swift; path = Strings.swift; sourceTree = "<group>"; };
		B17BD9E126B0AEB70010CF3B /* Fonts.swift */ = {isa = PBXFileReference; lastKnownFileType = sourcecode.swift; path = Fonts.swift; sourceTree = "<group>"; };
		B17BDAAB26B1BCDD0010CF3B /* Localizable.strings */ = {isa = PBXFileReference; lastKnownFileType = text.plist.strings; path = Localizable.strings; sourceTree = "<group>"; };
		B17BDAAE26B1FCE70010CF3B /* ViewController.swift */ = {isa = PBXFileReference; lastKnownFileType = sourcecode.swift; path = ViewController.swift; sourceTree = "<group>"; };
		B17BDAB026B2125F0010CF3B /* CustomButton.swift */ = {isa = PBXFileReference; lastKnownFileType = sourcecode.swift; path = CustomButton.swift; sourceTree = "<group>"; };
		B17BDAB226B21DEF0010CF3B /* LoginViewModel.swift */ = {isa = PBXFileReference; lastKnownFileType = sourcecode.swift; path = LoginViewModel.swift; sourceTree = "<group>"; };
		B17BDAB426B230B40010CF3B /* RegistrationViewModel.swift */ = {isa = PBXFileReference; lastKnownFileType = sourcecode.swift; path = RegistrationViewModel.swift; sourceTree = "<group>"; };
		B1B0264726AF6608008F726F /* Chatler.app */ = {isa = PBXFileReference; explicitFileType = wrapper.application; includeInIndex = 0; path = Chatler.app; sourceTree = BUILT_PRODUCTS_DIR; };
		B1B0264A26AF6609008F726F /* AppDelegate.swift */ = {isa = PBXFileReference; lastKnownFileType = sourcecode.swift; path = AppDelegate.swift; sourceTree = "<group>"; };
		B1B0264C26AF6609008F726F /* SceneDelegate.swift */ = {isa = PBXFileReference; lastKnownFileType = sourcecode.swift; path = SceneDelegate.swift; sourceTree = "<group>"; };
		B1B0265126AF6609008F726F /* Base */ = {isa = PBXFileReference; lastKnownFileType = file.storyboard; name = Base; path = Base.lproj/Main.storyboard; sourceTree = "<group>"; };
		B1B0265326AF660A008F726F /* Assets.xcassets */ = {isa = PBXFileReference; lastKnownFileType = folder.assetcatalog; path = Assets.xcassets; sourceTree = "<group>"; };
		B1B0265626AF660B008F726F /* Base */ = {isa = PBXFileReference; lastKnownFileType = file.storyboard; name = Base; path = Base.lproj/LaunchScreen.storyboard; sourceTree = "<group>"; };
		B1B0265826AF660B008F726F /* Info.plist */ = {isa = PBXFileReference; lastKnownFileType = text.plist.xml; path = Info.plist; sourceTree = "<group>"; };
		B1B0265D26AF660B008F726F /* ChatlerTests.xctest */ = {isa = PBXFileReference; explicitFileType = wrapper.cfbundle; includeInIndex = 0; path = ChatlerTests.xctest; sourceTree = BUILT_PRODUCTS_DIR; };
		B1B0266126AF660B008F726F /* ChatlerTests.swift */ = {isa = PBXFileReference; lastKnownFileType = sourcecode.swift; path = ChatlerTests.swift; sourceTree = "<group>"; };
		B1B0266326AF660B008F726F /* Info.plist */ = {isa = PBXFileReference; lastKnownFileType = text.plist.xml; path = Info.plist; sourceTree = "<group>"; };
		B1B0266826AF660B008F726F /* ChatlerUITests.xctest */ = {isa = PBXFileReference; explicitFileType = wrapper.cfbundle; includeInIndex = 0; path = ChatlerUITests.xctest; sourceTree = BUILT_PRODUCTS_DIR; };
		B1B0266C26AF660B008F726F /* ChatlerUITests.swift */ = {isa = PBXFileReference; lastKnownFileType = sourcecode.swift; path = ChatlerUITests.swift; sourceTree = "<group>"; };
		B1B0266E26AF660B008F726F /* Info.plist */ = {isa = PBXFileReference; lastKnownFileType = text.plist.xml; path = Info.plist; sourceTree = "<group>"; };
		B1B0268226AF66D0008F726F /* ConversationsController.swift */ = {isa = PBXFileReference; lastKnownFileType = sourcecode.swift; path = ConversationsController.swift; sourceTree = "<group>"; };
		B1B0268526B03141008F726F /* LoginController.swift */ = {isa = PBXFileReference; lastKnownFileType = sourcecode.swift; path = LoginController.swift; sourceTree = "<group>"; };
		B1B0268726B0314B008F726F /* RegistrationController.swift */ = {isa = PBXFileReference; lastKnownFileType = sourcecode.swift; path = RegistrationController.swift; sourceTree = "<group>"; };
		B1B026EA26B0378C008F726F /* Extensions.swift */ = {isa = PBXFileReference; lastKnownFileType = sourcecode.swift; path = Extensions.swift; sourceTree = "<group>"; };
		B1B026EC26B048AA008F726F /* InputContainerView.swift */ = {isa = PBXFileReference; lastKnownFileType = sourcecode.swift; path = InputContainerView.swift; sourceTree = "<group>"; };
		B32AF8336502DA5C67FFDCDD /* Pods_ChatlerTests.framework */ = {isa = PBXFileReference; explicitFileType = wrapper.framework; includeInIndex = 0; path = Pods_ChatlerTests.framework; sourceTree = BUILT_PRODUCTS_DIR; };
		D3CC46EFE99BDEAC9AE8FE22 /* Pods-ChatlerTests.release.xcconfig */ = {isa = PBXFileReference; includeInIndex = 1; lastKnownFileType = text.xcconfig; name = "Pods-ChatlerTests.release.xcconfig"; path = "Target Support Files/Pods-ChatlerTests/Pods-ChatlerTests.release.xcconfig"; sourceTree = "<group>"; };
		F6BA2C3012B5FA06F4A80E98 /* Pods_Chatler.framework */ = {isa = PBXFileReference; explicitFileType = wrapper.framework; includeInIndex = 0; path = Pods_Chatler.framework; sourceTree = BUILT_PRODUCTS_DIR; };
		F876ABDB1A2C253BF6184429 /* Pods-Chatler.debug.xcconfig */ = {isa = PBXFileReference; includeInIndex = 1; lastKnownFileType = text.xcconfig; name = "Pods-Chatler.debug.xcconfig"; path = "Target Support Files/Pods-Chatler/Pods-Chatler.debug.xcconfig"; sourceTree = "<group>"; };
		FCB3A5936EBEA6503B2CC13F /* Pods-ChatlerTests.debug.xcconfig */ = {isa = PBXFileReference; includeInIndex = 1; lastKnownFileType = text.xcconfig; name = "Pods-ChatlerTests.debug.xcconfig"; path = "Target Support Files/Pods-ChatlerTests/Pods-ChatlerTests.debug.xcconfig"; sourceTree = "<group>"; };
/* End PBXFileReference section */

/* Begin PBXFrameworksBuildPhase section */
		B1B0264426AF6608008F726F /* Frameworks */ = {
			isa = PBXFrameworksBuildPhase;
			buildActionMask = 2147483647;
			files = (
				730F5A0C3F72C5254FAB69EA /* Pods_Chatler.framework in Frameworks */,
			);
			runOnlyForDeploymentPostprocessing = 0;
		};
		B1B0265A26AF660B008F726F /* Frameworks */ = {
			isa = PBXFrameworksBuildPhase;
			buildActionMask = 2147483647;
			files = (
				019FC209E60C87AA085AD48B /* Pods_ChatlerTests.framework in Frameworks */,
			);
			runOnlyForDeploymentPostprocessing = 0;
		};
		B1B0266526AF660B008F726F /* Frameworks */ = {
			isa = PBXFrameworksBuildPhase;
			buildActionMask = 2147483647;
			files = (
				6F3439A6995E7F1FE565F2D4 /* Pods_Chatler_ChatlerUITests.framework in Frameworks */,
			);
			runOnlyForDeploymentPostprocessing = 0;
		};
/* End PBXFrameworksBuildPhase section */

/* Begin PBXGroup section */
		4D0C4315F1B084124422F21C /* Frameworks */ = {
			isa = PBXGroup;
			children = (
				F6BA2C3012B5FA06F4A80E98 /* Pods_Chatler.framework */,
				2B7BB4CAEBCD6BD01190D34D /* Pods_Chatler_ChatlerUITests.framework */,
				B32AF8336502DA5C67FFDCDD /* Pods_ChatlerTests.framework */,
			);
			name = Frameworks;
			sourceTree = "<group>";
		};
		6505F9F9F84C51811E5FF40F /* Pods */ = {
			isa = PBXGroup;
			children = (
				F876ABDB1A2C253BF6184429 /* Pods-Chatler.debug.xcconfig */,
				986805C7F5E9451ECBC0323E /* Pods-Chatler.release.xcconfig */,
				46077ADC570858C6EE51FCFB /* Pods-Chatler-ChatlerUITests.debug.xcconfig */,
				3F20A7756668B5AB356FBE62 /* Pods-Chatler-ChatlerUITests.release.xcconfig */,
				FCB3A5936EBEA6503B2CC13F /* Pods-ChatlerTests.debug.xcconfig */,
				D3CC46EFE99BDEAC9AE8FE22 /* Pods-ChatlerTests.release.xcconfig */,
			);
			path = Pods;
			sourceTree = "<group>";
		};
		B1287D4C26B326FB0027E263 /* Service */ = {
			isa = PBXGroup;
			children = (
				B1287D4D26B327070027E263 /* ValidationService.swift */,
				B1287D5126B338C40027E263 /* RegistrationService.swift */,
				B1287D5626B389190027E263 /* LoginService.swift */,
			);
			path = Service;
			sourceTree = "<group>";
		};
		B1287D5326B35D990027E263 /* Presenter */ = {
			isa = PBXGroup;
			children = (
				B1287D5426B35DAD0027E263 /* RegistrationPresenter.swift */,
				B1287D5826B45EE10027E263 /* LoginPresenter.swift */,
				B1287D6826B74A980027E263 /* NewMessagePresenter.swift */,
			);
			path = Presenter;
			sourceTree = "<group>";
		};
		B17BD9D626B0A62B0010CF3B /* Localizable */ = {
			isa = PBXGroup;
			children = (
				B17BDAAB26B1BCDD0010CF3B /* Localizable.strings */,
			);
			path = Localizable;
			sourceTree = "<group>";
		};
		B17BDAAD26B1FCC80010CF3B /* ViewConfiguration */ = {
			isa = PBXGroup;
			children = (
				B17BDAAE26B1FCE70010CF3B /* ViewController.swift */,
				B1287D5E26B732B50027E263 /* TableViewController.swift */,
			);
			path = ViewConfiguration;
			sourceTree = "<group>";
		};
		B1B0263E26AF6608008F726F = {
			isa = PBXGroup;
			children = (
				B1B0264926AF6609008F726F /* Chatler */,
				B1B0266026AF660B008F726F /* ChatlerTests */,
				B1B0266B26AF660B008F726F /* ChatlerUITests */,
				B1B0264826AF6608008F726F /* Products */,
				6505F9F9F84C51811E5FF40F /* Pods */,
				4D0C4315F1B084124422F21C /* Frameworks */,
			);
			sourceTree = "<group>";
		};
		B1B0264826AF6608008F726F /* Products */ = {
			isa = PBXGroup;
			children = (
				B1B0264726AF6608008F726F /* Chatler.app */,
				B1B0265D26AF660B008F726F /* ChatlerTests.xctest */,
				B1B0266826AF660B008F726F /* ChatlerUITests.xctest */,
			);
			name = Products;
			sourceTree = "<group>";
		};
		B1B0264926AF6609008F726F /* Chatler */ = {
			isa = PBXGroup;
			children = (
				B1287D5326B35D990027E263 /* Presenter */,
				B1287D4C26B326FB0027E263 /* Service */,
				B17BD9D626B0A62B0010CF3B /* Localizable */,
				B1B0268126AF6657008F726F /* Model */,
				B1B0268026AF6655008F726F /* View */,
				B1B0267F26AF6654008F726F /* ViewModel */,
				B1B0267E26AF6653008F726F /* Controller */,
				B1B0267D26AF6651008F726F /* API */,
				B1B0267A26AF6648008F726F /* Utils */,
				B1B0264A26AF6609008F726F /* AppDelegate.swift */,
				B1B0264C26AF6609008F726F /* SceneDelegate.swift */,
				B1B0265026AF6609008F726F /* Main.storyboard */,
				B1B0265326AF660A008F726F /* Assets.xcassets */,
				B1B0265526AF660B008F726F /* LaunchScreen.storyboard */,
				B1B0265826AF660B008F726F /* Info.plist */,
				B1287D4A26B301BD0027E263 /* GoogleService-Info.plist */,
			);
			path = Chatler;
			sourceTree = "<group>";
		};
		B1B0266026AF660B008F726F /* ChatlerTests */ = {
			isa = PBXGroup;
			children = (
				B1B0266126AF660B008F726F /* ChatlerTests.swift */,
				B1B0266326AF660B008F726F /* Info.plist */,
			);
			path = ChatlerTests;
			sourceTree = "<group>";
		};
		B1B0266B26AF660B008F726F /* ChatlerUITests */ = {
			isa = PBXGroup;
			children = (
				B1B0266C26AF660B008F726F /* ChatlerUITests.swift */,
				B1B0266E26AF660B008F726F /* Info.plist */,
			);
			path = ChatlerUITests;
			sourceTree = "<group>";
		};
		B1B0267A26AF6648008F726F /* Utils */ = {
			isa = PBXGroup;
			children = (
				B1B026EA26B0378C008F726F /* Extensions.swift */,
				B17BD9D026B090210010CF3B /* Colors.swift */,
				B17BD9D226B09ECD0010CF3B /* Images.swift */,
				B17BD9DF26B0A8D70010CF3B /* Strings.swift */,
				B17BD9E126B0AEB70010CF3B /* Fonts.swift */,
				B17BDAAD26B1FCC80010CF3B /* ViewConfiguration */,
			);
			path = Utils;
			sourceTree = "<group>";
		};
		B1B0267D26AF6651008F726F /* API */ = {
			isa = PBXGroup;
			children = (
				B1287D6426B747D30027E263 /* Service.swift */,
			);
			path = API;
			sourceTree = "<group>";
		};
		B1B0267E26AF6653008F726F /* Controller */ = {
			isa = PBXGroup;
			children = (
				B1B0268426B0312C008F726F /* Authentication */,
				B1B0268226AF66D0008F726F /* ConversationsController.swift */,
				B1287D5A26B72F6B0027E263 /* NewMessageController.swift */,
			);
			path = Controller;
			sourceTree = "<group>";
		};
		B1B0267F26AF6654008F726F /* ViewModel */ = {
			isa = PBXGroup;
			children = (
				B17BDAB226B21DEF0010CF3B /* LoginViewModel.swift */,
				B17BDAB426B230B40010CF3B /* RegistrationViewModel.swift */,
				B1287D6626B74A030027E263 /* NewMessageViewModel.swift */,
			);
			path = ViewModel;
			sourceTree = "<group>";
		};
		B1B0268026AF6655008F726F /* View */ = {
			isa = PBXGroup;
			children = (
				B1B026EC26B048AA008F726F /* InputContainerView.swift */,
				B17BD9CE26B0886C0010CF3B /* CustomTextField.swift */,
				B17BDAB026B2125F0010CF3B /* CustomButton.swift */,
				B1287D6026B7364A0027E263 /* UserCell.swift */,
			);
			path = View;
			sourceTree = "<group>";
		};
		B1B0268126AF6657008F726F /* Model */ = {
			isa = PBXGroup;
			children = (
				B1287D4F26B327350027E263 /* RegistrationForm.swift */,
				B1287D6226B747740027E263 /* User.swift */,
			);
			path = Model;
			sourceTree = "<group>";
		};
		B1B0268426B0312C008F726F /* Authentication */ = {
			isa = PBXGroup;
			children = (
				B1B0268526B03141008F726F /* LoginController.swift */,
				B1B0268726B0314B008F726F /* RegistrationController.swift */,
			);
			path = Authentication;
			sourceTree = "<group>";
		};
/* End PBXGroup section */

/* Begin PBXNativeTarget section */
		B1B0264626AF6608008F726F /* Chatler */ = {
			isa = PBXNativeTarget;
			buildConfigurationList = B1B0267126AF660B008F726F /* Build configuration list for PBXNativeTarget "Chatler" */;
			buildPhases = (
				2C228950E8CCF00CE12D6672 /* [CP] Check Pods Manifest.lock */,
				B1B0264326AF6608008F726F /* Sources */,
				B1B0264426AF6608008F726F /* Frameworks */,
				B1B0264526AF6608008F726F /* Resources */,
				F971DF7D379F71C2090B4631 /* [CP] Embed Pods Frameworks */,
			);
			buildRules = (
			);
			dependencies = (
			);
			name = Chatler;
			productName = Chatler;
			productReference = B1B0264726AF6608008F726F /* Chatler.app */;
			productType = "com.apple.product-type.application";
		};
		B1B0265C26AF660B008F726F /* ChatlerTests */ = {
			isa = PBXNativeTarget;
			buildConfigurationList = B1B0267426AF660B008F726F /* Build configuration list for PBXNativeTarget "ChatlerTests" */;
			buildPhases = (
				CE22F3C800708A722BB5D2E8 /* [CP] Check Pods Manifest.lock */,
				B1B0265926AF660B008F726F /* Sources */,
				B1B0265A26AF660B008F726F /* Frameworks */,
				B1B0265B26AF660B008F726F /* Resources */,
				44E482D373F820D3244AE2A6 /* [CP] Embed Pods Frameworks */,
			);
			buildRules = (
			);
			dependencies = (
				B1B0265F26AF660B008F726F /* PBXTargetDependency */,
			);
			name = ChatlerTests;
			productName = ChatlerTests;
			productReference = B1B0265D26AF660B008F726F /* ChatlerTests.xctest */;
			productType = "com.apple.product-type.bundle.unit-test";
		};
		B1B0266726AF660B008F726F /* ChatlerUITests */ = {
			isa = PBXNativeTarget;
			buildConfigurationList = B1B0267726AF660B008F726F /* Build configuration list for PBXNativeTarget "ChatlerUITests" */;
			buildPhases = (
				630971FD83F7BF54C0575182 /* [CP] Check Pods Manifest.lock */,
				B1B0266426AF660B008F726F /* Sources */,
				B1B0266526AF660B008F726F /* Frameworks */,
				B1B0266626AF660B008F726F /* Resources */,
				E843EC67201F7EA4840F2DB7 /* [CP] Embed Pods Frameworks */,
			);
			buildRules = (
			);
			dependencies = (
				B1B0266A26AF660B008F726F /* PBXTargetDependency */,
			);
			name = ChatlerUITests;
			productName = ChatlerUITests;
			productReference = B1B0266826AF660B008F726F /* ChatlerUITests.xctest */;
			productType = "com.apple.product-type.bundle.ui-testing";
		};
/* End PBXNativeTarget section */

/* Begin PBXProject section */
		B1B0263F26AF6608008F726F /* Project object */ = {
			isa = PBXProject;
			attributes = {
				LastSwiftUpdateCheck = 1250;
				LastUpgradeCheck = 1250;
				TargetAttributes = {
					B1B0264626AF6608008F726F = {
						CreatedOnToolsVersion = 12.5.1;
					};
					B1B0265C26AF660B008F726F = {
						CreatedOnToolsVersion = 12.5.1;
						TestTargetID = B1B0264626AF6608008F726F;
					};
					B1B0266726AF660B008F726F = {
						CreatedOnToolsVersion = 12.5.1;
						TestTargetID = B1B0264626AF6608008F726F;
					};
				};
			};
			buildConfigurationList = B1B0264226AF6608008F726F /* Build configuration list for PBXProject "Chatler" */;
			compatibilityVersion = "Xcode 9.3";
			developmentRegion = en;
			hasScannedForEncodings = 0;
			knownRegions = (
				en,
				Base,
				"pt-BR",
			);
			mainGroup = B1B0263E26AF6608008F726F;
			productRefGroup = B1B0264826AF6608008F726F /* Products */;
			projectDirPath = "";
			projectRoot = "";
			targets = (
				B1B0264626AF6608008F726F /* Chatler */,
				B1B0265C26AF660B008F726F /* ChatlerTests */,
				B1B0266726AF660B008F726F /* ChatlerUITests */,
			);
		};
/* End PBXProject section */

/* Begin PBXResourcesBuildPhase section */
		B1B0264526AF6608008F726F /* Resources */ = {
			isa = PBXResourcesBuildPhase;
			buildActionMask = 2147483647;
			files = (
				B1B0265726AF660B008F726F /* LaunchScreen.storyboard in Resources */,
				B17BDAAC26B1BCDD0010CF3B /* Localizable.strings in Resources */,
				B1287D4B26B301BD0027E263 /* GoogleService-Info.plist in Resources */,
				B1B0265426AF660A008F726F /* Assets.xcassets in Resources */,
				B1B0265226AF6609008F726F /* Main.storyboard in Resources */,
			);
			runOnlyForDeploymentPostprocessing = 0;
		};
		B1B0265B26AF660B008F726F /* Resources */ = {
			isa = PBXResourcesBuildPhase;
			buildActionMask = 2147483647;
			files = (
			);
			runOnlyForDeploymentPostprocessing = 0;
		};
		B1B0266626AF660B008F726F /* Resources */ = {
			isa = PBXResourcesBuildPhase;
			buildActionMask = 2147483647;
			files = (
			);
			runOnlyForDeploymentPostprocessing = 0;
		};
/* End PBXResourcesBuildPhase section */

/* Begin PBXShellScriptBuildPhase section */
		2C228950E8CCF00CE12D6672 /* [CP] Check Pods Manifest.lock */ = {
			isa = PBXShellScriptBuildPhase;
			buildActionMask = 2147483647;
			files = (
			);
			inputFileListPaths = (
			);
			inputPaths = (
				"${PODS_PODFILE_DIR_PATH}/Podfile.lock",
				"${PODS_ROOT}/Manifest.lock",
			);
			name = "[CP] Check Pods Manifest.lock";
			outputFileListPaths = (
			);
			outputPaths = (
				"$(DERIVED_FILE_DIR)/Pods-Chatler-checkManifestLockResult.txt",
			);
			runOnlyForDeploymentPostprocessing = 0;
			shellPath = /bin/sh;
			shellScript = "diff \"${PODS_PODFILE_DIR_PATH}/Podfile.lock\" \"${PODS_ROOT}/Manifest.lock\" > /dev/null\nif [ $? != 0 ] ; then\n    # print error to STDERR\n    echo \"error: The sandbox is not in sync with the Podfile.lock. Run 'pod install' or update your CocoaPods installation.\" >&2\n    exit 1\nfi\n# This output is used by Xcode 'outputs' to avoid re-running this script phase.\necho \"SUCCESS\" > \"${SCRIPT_OUTPUT_FILE_0}\"\n";
			showEnvVarsInLog = 0;
		};
		44E482D373F820D3244AE2A6 /* [CP] Embed Pods Frameworks */ = {
			isa = PBXShellScriptBuildPhase;
			buildActionMask = 2147483647;
			files = (
			);
			inputFileListPaths = (
				"${PODS_ROOT}/Target Support Files/Pods-ChatlerTests/Pods-ChatlerTests-frameworks-${CONFIGURATION}-input-files.xcfilelist",
			);
			name = "[CP] Embed Pods Frameworks";
			outputFileListPaths = (
				"${PODS_ROOT}/Target Support Files/Pods-ChatlerTests/Pods-ChatlerTests-frameworks-${CONFIGURATION}-output-files.xcfilelist",
			);
			runOnlyForDeploymentPostprocessing = 0;
			shellPath = /bin/sh;
			shellScript = "\"${PODS_ROOT}/Target Support Files/Pods-ChatlerTests/Pods-ChatlerTests-frameworks.sh\"\n";
			showEnvVarsInLog = 0;
		};
		630971FD83F7BF54C0575182 /* [CP] Check Pods Manifest.lock */ = {
			isa = PBXShellScriptBuildPhase;
			buildActionMask = 2147483647;
			files = (
			);
			inputFileListPaths = (
			);
			inputPaths = (
				"${PODS_PODFILE_DIR_PATH}/Podfile.lock",
				"${PODS_ROOT}/Manifest.lock",
			);
			name = "[CP] Check Pods Manifest.lock";
			outputFileListPaths = (
			);
			outputPaths = (
				"$(DERIVED_FILE_DIR)/Pods-Chatler-ChatlerUITests-checkManifestLockResult.txt",
			);
			runOnlyForDeploymentPostprocessing = 0;
			shellPath = /bin/sh;
			shellScript = "diff \"${PODS_PODFILE_DIR_PATH}/Podfile.lock\" \"${PODS_ROOT}/Manifest.lock\" > /dev/null\nif [ $? != 0 ] ; then\n    # print error to STDERR\n    echo \"error: The sandbox is not in sync with the Podfile.lock. Run 'pod install' or update your CocoaPods installation.\" >&2\n    exit 1\nfi\n# This output is used by Xcode 'outputs' to avoid re-running this script phase.\necho \"SUCCESS\" > \"${SCRIPT_OUTPUT_FILE_0}\"\n";
			showEnvVarsInLog = 0;
		};
		CE22F3C800708A722BB5D2E8 /* [CP] Check Pods Manifest.lock */ = {
			isa = PBXShellScriptBuildPhase;
			buildActionMask = 2147483647;
			files = (
			);
			inputFileListPaths = (
			);
			inputPaths = (
				"${PODS_PODFILE_DIR_PATH}/Podfile.lock",
				"${PODS_ROOT}/Manifest.lock",
			);
			name = "[CP] Check Pods Manifest.lock";
			outputFileListPaths = (
			);
			outputPaths = (
				"$(DERIVED_FILE_DIR)/Pods-ChatlerTests-checkManifestLockResult.txt",
			);
			runOnlyForDeploymentPostprocessing = 0;
			shellPath = /bin/sh;
			shellScript = "diff \"${PODS_PODFILE_DIR_PATH}/Podfile.lock\" \"${PODS_ROOT}/Manifest.lock\" > /dev/null\nif [ $? != 0 ] ; then\n    # print error to STDERR\n    echo \"error: The sandbox is not in sync with the Podfile.lock. Run 'pod install' or update your CocoaPods installation.\" >&2\n    exit 1\nfi\n# This output is used by Xcode 'outputs' to avoid re-running this script phase.\necho \"SUCCESS\" > \"${SCRIPT_OUTPUT_FILE_0}\"\n";
			showEnvVarsInLog = 0;
		};
		E843EC67201F7EA4840F2DB7 /* [CP] Embed Pods Frameworks */ = {
			isa = PBXShellScriptBuildPhase;
			buildActionMask = 2147483647;
			files = (
			);
			inputFileListPaths = (
				"${PODS_ROOT}/Target Support Files/Pods-Chatler-ChatlerUITests/Pods-Chatler-ChatlerUITests-frameworks-${CONFIGURATION}-input-files.xcfilelist",
			);
			name = "[CP] Embed Pods Frameworks";
			outputFileListPaths = (
				"${PODS_ROOT}/Target Support Files/Pods-Chatler-ChatlerUITests/Pods-Chatler-ChatlerUITests-frameworks-${CONFIGURATION}-output-files.xcfilelist",
			);
			runOnlyForDeploymentPostprocessing = 0;
			shellPath = /bin/sh;
			shellScript = "\"${PODS_ROOT}/Target Support Files/Pods-Chatler-ChatlerUITests/Pods-Chatler-ChatlerUITests-frameworks.sh\"\n";
			showEnvVarsInLog = 0;
		};
		F971DF7D379F71C2090B4631 /* [CP] Embed Pods Frameworks */ = {
			isa = PBXShellScriptBuildPhase;
			buildActionMask = 2147483647;
			files = (
			);
			inputFileListPaths = (
				"${PODS_ROOT}/Target Support Files/Pods-Chatler/Pods-Chatler-frameworks-${CONFIGURATION}-input-files.xcfilelist",
			);
			name = "[CP] Embed Pods Frameworks";
			outputFileListPaths = (
				"${PODS_ROOT}/Target Support Files/Pods-Chatler/Pods-Chatler-frameworks-${CONFIGURATION}-output-files.xcfilelist",
			);
			runOnlyForDeploymentPostprocessing = 0;
			shellPath = /bin/sh;
			shellScript = "\"${PODS_ROOT}/Target Support Files/Pods-Chatler/Pods-Chatler-frameworks.sh\"\n";
			showEnvVarsInLog = 0;
		};
/* End PBXShellScriptBuildPhase section */

/* Begin PBXSourcesBuildPhase section */
		B1B0264326AF6608008F726F /* Sources */ = {
			isa = PBXSourcesBuildPhase;
			buildActionMask = 2147483647;
			files = (
				B1287D6326B747740027E263 /* User.swift in Sources */,
				B1B026ED26B048AA008F726F /* InputContainerView.swift in Sources */,
				B1287D5526B35DAD0027E263 /* RegistrationPresenter.swift in Sources */,
				B1B0264B26AF6609008F726F /* AppDelegate.swift in Sources */,
				B17BD9D326B09ECD0010CF3B /* Images.swift in Sources */,
				B1287D6526B747D30027E263 /* Service.swift in Sources */,
				B1287D5926B45EE10027E263 /* LoginPresenter.swift in Sources */,
				B1B0268326AF66D0008F726F /* ConversationsController.swift in Sources */,
				B17BDAB126B2125F0010CF3B /* CustomButton.swift in Sources */,
				B1B0264D26AF6609008F726F /* SceneDelegate.swift in Sources */,
				B1287D5226B338C40027E263 /* RegistrationService.swift in Sources */,
				B1B0268826B0314B008F726F /* RegistrationController.swift in Sources */,
				B1287D5B26B72F6B0027E263 /* NewMessageController.swift in Sources */,
				B1B0268626B03141008F726F /* LoginController.swift in Sources */,
				B1287D5026B327350027E263 /* RegistrationForm.swift in Sources */,
				B1287D6126B7364A0027E263 /* UserCell.swift in Sources */,
				B1287D4E26B327070027E263 /* ValidationService.swift in Sources */,
				B17BDAB326B21DEF0010CF3B /* LoginViewModel.swift in Sources */,
				B1287D6926B74A980027E263 /* NewMessagePresenter.swift in Sources */,
				B1287D5726B389190027E263 /* LoginService.swift in Sources */,
				B1287D6726B74A030027E263 /* NewMessageViewModel.swift in Sources */,
				B17BD9D126B090210010CF3B /* Colors.swift in Sources */,
				B17BDAAF26B1FCE70010CF3B /* ViewController.swift in Sources */,
				B1B026EB26B0378C008F726F /* Extensions.swift in Sources */,
				B1287D5F26B732B50027E263 /* TableViewController.swift in Sources */,
				B17BD9E226B0AEB70010CF3B /* Fonts.swift in Sources */,
				B17BDAB526B230B40010CF3B /* RegistrationViewModel.swift in Sources */,
				B17BD9E026B0A8D70010CF3B /* Strings.swift in Sources */,
				B17BD9CF26B0886C0010CF3B /* CustomTextField.swift in Sources */,
			);
			runOnlyForDeploymentPostprocessing = 0;
		};
		B1B0265926AF660B008F726F /* Sources */ = {
			isa = PBXSourcesBuildPhase;
			buildActionMask = 2147483647;
			files = (
				B1B0266226AF660B008F726F /* ChatlerTests.swift in Sources */,
			);
			runOnlyForDeploymentPostprocessing = 0;
		};
		B1B0266426AF660B008F726F /* Sources */ = {
			isa = PBXSourcesBuildPhase;
			buildActionMask = 2147483647;
			files = (
				B1B0266D26AF660B008F726F /* ChatlerUITests.swift in Sources */,
			);
			runOnlyForDeploymentPostprocessing = 0;
		};
/* End PBXSourcesBuildPhase section */

/* Begin PBXTargetDependency section */
		B1B0265F26AF660B008F726F /* PBXTargetDependency */ = {
			isa = PBXTargetDependency;
			target = B1B0264626AF6608008F726F /* Chatler */;
			targetProxy = B1B0265E26AF660B008F726F /* PBXContainerItemProxy */;
		};
		B1B0266A26AF660B008F726F /* PBXTargetDependency */ = {
			isa = PBXTargetDependency;
			target = B1B0264626AF6608008F726F /* Chatler */;
			targetProxy = B1B0266926AF660B008F726F /* PBXContainerItemProxy */;
		};
/* End PBXTargetDependency section */

/* Begin PBXVariantGroup section */
		B1B0265026AF6609008F726F /* Main.storyboard */ = {
			isa = PBXVariantGroup;
			children = (
				B1B0265126AF6609008F726F /* Base */,
				B17BD9D426B0A6010010CF3B /* pt-BR */,
			);
			name = Main.storyboard;
			sourceTree = "<group>";
		};
		B1B0265526AF660B008F726F /* LaunchScreen.storyboard */ = {
			isa = PBXVariantGroup;
			children = (
				B1B0265626AF660B008F726F /* Base */,
				B17BD9D526B0A6010010CF3B /* pt-BR */,
			);
			name = LaunchScreen.storyboard;
			sourceTree = "<group>";
		};
/* End PBXVariantGroup section */

/* Begin XCBuildConfiguration section */
		B1B0266F26AF660B008F726F /* Debug */ = {
			isa = XCBuildConfiguration;
			buildSettings = {
				ALWAYS_SEARCH_USER_PATHS = NO;
				CLANG_ANALYZER_LOCALIZABILITY_NONLOCALIZED = YES;
				CLANG_ANALYZER_NONNULL = YES;
				CLANG_ANALYZER_NUMBER_OBJECT_CONVERSION = YES_AGGRESSIVE;
				CLANG_CXX_LANGUAGE_STANDARD = "gnu++14";
				CLANG_CXX_LIBRARY = "libc++";
				CLANG_ENABLE_MODULES = YES;
				CLANG_ENABLE_OBJC_ARC = YES;
				CLANG_ENABLE_OBJC_WEAK = YES;
				CLANG_WARN_BLOCK_CAPTURE_AUTORELEASING = YES;
				CLANG_WARN_BOOL_CONVERSION = YES;
				CLANG_WARN_COMMA = YES;
				CLANG_WARN_CONSTANT_CONVERSION = YES;
				CLANG_WARN_DEPRECATED_OBJC_IMPLEMENTATIONS = YES;
				CLANG_WARN_DIRECT_OBJC_ISA_USAGE = YES_ERROR;
				CLANG_WARN_DOCUMENTATION_COMMENTS = YES;
				CLANG_WARN_EMPTY_BODY = YES;
				CLANG_WARN_ENUM_CONVERSION = YES;
				CLANG_WARN_INFINITE_RECURSION = YES;
				CLANG_WARN_INT_CONVERSION = YES;
				CLANG_WARN_NON_LITERAL_NULL_CONVERSION = YES;
				CLANG_WARN_OBJC_IMPLICIT_RETAIN_SELF = YES;
				CLANG_WARN_OBJC_LITERAL_CONVERSION = YES;
				CLANG_WARN_OBJC_ROOT_CLASS = YES_ERROR;
				CLANG_WARN_QUOTED_INCLUDE_IN_FRAMEWORK_HEADER = YES;
				CLANG_WARN_RANGE_LOOP_ANALYSIS = YES;
				CLANG_WARN_STRICT_PROTOTYPES = YES;
				CLANG_WARN_SUSPICIOUS_MOVE = YES;
				CLANG_WARN_UNGUARDED_AVAILABILITY = YES_AGGRESSIVE;
				CLANG_WARN_UNREACHABLE_CODE = YES;
				CLANG_WARN__DUPLICATE_METHOD_MATCH = YES;
				COPY_PHASE_STRIP = NO;
				DEBUG_INFORMATION_FORMAT = dwarf;
				ENABLE_STRICT_OBJC_MSGSEND = YES;
				ENABLE_TESTABILITY = YES;
				GCC_C_LANGUAGE_STANDARD = gnu11;
				GCC_DYNAMIC_NO_PIC = NO;
				GCC_NO_COMMON_BLOCKS = YES;
				GCC_OPTIMIZATION_LEVEL = 0;
				GCC_PREPROCESSOR_DEFINITIONS = (
					"DEBUG=1",
					"$(inherited)",
				);
				GCC_WARN_64_TO_32_BIT_CONVERSION = YES;
				GCC_WARN_ABOUT_RETURN_TYPE = YES_ERROR;
				GCC_WARN_UNDECLARED_SELECTOR = YES;
				GCC_WARN_UNINITIALIZED_AUTOS = YES_AGGRESSIVE;
				GCC_WARN_UNUSED_FUNCTION = YES;
				GCC_WARN_UNUSED_VARIABLE = YES;
				IPHONEOS_DEPLOYMENT_TARGET = 14.5;
				MTL_ENABLE_DEBUG_INFO = INCLUDE_SOURCE;
				MTL_FAST_MATH = YES;
				ONLY_ACTIVE_ARCH = YES;
				SDKROOT = iphoneos;
				SWIFT_ACTIVE_COMPILATION_CONDITIONS = DEBUG;
				SWIFT_OPTIMIZATION_LEVEL = "-Onone";
			};
			name = Debug;
		};
		B1B0267026AF660B008F726F /* Release */ = {
			isa = XCBuildConfiguration;
			buildSettings = {
				ALWAYS_SEARCH_USER_PATHS = NO;
				CLANG_ANALYZER_LOCALIZABILITY_NONLOCALIZED = YES;
				CLANG_ANALYZER_NONNULL = YES;
				CLANG_ANALYZER_NUMBER_OBJECT_CONVERSION = YES_AGGRESSIVE;
				CLANG_CXX_LANGUAGE_STANDARD = "gnu++14";
				CLANG_CXX_LIBRARY = "libc++";
				CLANG_ENABLE_MODULES = YES;
				CLANG_ENABLE_OBJC_ARC = YES;
				CLANG_ENABLE_OBJC_WEAK = YES;
				CLANG_WARN_BLOCK_CAPTURE_AUTORELEASING = YES;
				CLANG_WARN_BOOL_CONVERSION = YES;
				CLANG_WARN_COMMA = YES;
				CLANG_WARN_CONSTANT_CONVERSION = YES;
				CLANG_WARN_DEPRECATED_OBJC_IMPLEMENTATIONS = YES;
				CLANG_WARN_DIRECT_OBJC_ISA_USAGE = YES_ERROR;
				CLANG_WARN_DOCUMENTATION_COMMENTS = YES;
				CLANG_WARN_EMPTY_BODY = YES;
				CLANG_WARN_ENUM_CONVERSION = YES;
				CLANG_WARN_INFINITE_RECURSION = YES;
				CLANG_WARN_INT_CONVERSION = YES;
				CLANG_WARN_NON_LITERAL_NULL_CONVERSION = YES;
				CLANG_WARN_OBJC_IMPLICIT_RETAIN_SELF = YES;
				CLANG_WARN_OBJC_LITERAL_CONVERSION = YES;
				CLANG_WARN_OBJC_ROOT_CLASS = YES_ERROR;
				CLANG_WARN_QUOTED_INCLUDE_IN_FRAMEWORK_HEADER = YES;
				CLANG_WARN_RANGE_LOOP_ANALYSIS = YES;
				CLANG_WARN_STRICT_PROTOTYPES = YES;
				CLANG_WARN_SUSPICIOUS_MOVE = YES;
				CLANG_WARN_UNGUARDED_AVAILABILITY = YES_AGGRESSIVE;
				CLANG_WARN_UNREACHABLE_CODE = YES;
				CLANG_WARN__DUPLICATE_METHOD_MATCH = YES;
				COPY_PHASE_STRIP = NO;
				DEBUG_INFORMATION_FORMAT = "dwarf-with-dsym";
				ENABLE_NS_ASSERTIONS = NO;
				ENABLE_STRICT_OBJC_MSGSEND = YES;
				GCC_C_LANGUAGE_STANDARD = gnu11;
				GCC_NO_COMMON_BLOCKS = YES;
				GCC_WARN_64_TO_32_BIT_CONVERSION = YES;
				GCC_WARN_ABOUT_RETURN_TYPE = YES_ERROR;
				GCC_WARN_UNDECLARED_SELECTOR = YES;
				GCC_WARN_UNINITIALIZED_AUTOS = YES_AGGRESSIVE;
				GCC_WARN_UNUSED_FUNCTION = YES;
				GCC_WARN_UNUSED_VARIABLE = YES;
				IPHONEOS_DEPLOYMENT_TARGET = 14.5;
				MTL_ENABLE_DEBUG_INFO = NO;
				MTL_FAST_MATH = YES;
				SDKROOT = iphoneos;
				SWIFT_COMPILATION_MODE = wholemodule;
				SWIFT_OPTIMIZATION_LEVEL = "-O";
				VALIDATE_PRODUCT = YES;
			};
			name = Release;
		};
		B1B0267226AF660B008F726F /* Debug */ = {
			isa = XCBuildConfiguration;
			baseConfigurationReference = F876ABDB1A2C253BF6184429 /* Pods-Chatler.debug.xcconfig */;
			buildSettings = {
				ASSETCATALOG_COMPILER_APPICON_NAME = AppIcon;
				ASSETCATALOG_COMPILER_GLOBAL_ACCENT_COLOR_NAME = AccentColor;
				CODE_SIGN_STYLE = Automatic;
				DEVELOPMENT_TEAM = 9Q3AAX42YQ;
				INFOPLIST_FILE = Chatler/Info.plist;
				LD_RUNPATH_SEARCH_PATHS = (
					"$(inherited)",
					"@executable_path/Frameworks",
				);
				PRODUCT_BUNDLE_IDENTIFIER = LucasPereira.Chatler;
				PRODUCT_NAME = "$(TARGET_NAME)";
				SWIFT_VERSION = 5.0;
				TARGETED_DEVICE_FAMILY = "1,2";
			};
			name = Debug;
		};
		B1B0267326AF660B008F726F /* Release */ = {
			isa = XCBuildConfiguration;
			baseConfigurationReference = 986805C7F5E9451ECBC0323E /* Pods-Chatler.release.xcconfig */;
			buildSettings = {
				ASSETCATALOG_COMPILER_APPICON_NAME = AppIcon;
				ASSETCATALOG_COMPILER_GLOBAL_ACCENT_COLOR_NAME = AccentColor;
				CODE_SIGN_STYLE = Automatic;
				DEVELOPMENT_TEAM = 9Q3AAX42YQ;
				INFOPLIST_FILE = Chatler/Info.plist;
				LD_RUNPATH_SEARCH_PATHS = (
					"$(inherited)",
					"@executable_path/Frameworks",
				);
				PRODUCT_BUNDLE_IDENTIFIER = LucasPereira.Chatler;
				PRODUCT_NAME = "$(TARGET_NAME)";
				SWIFT_VERSION = 5.0;
				TARGETED_DEVICE_FAMILY = "1,2";
			};
			name = Release;
		};
		B1B0267526AF660B008F726F /* Debug */ = {
			isa = XCBuildConfiguration;
			baseConfigurationReference = FCB3A5936EBEA6503B2CC13F /* Pods-ChatlerTests.debug.xcconfig */;
			buildSettings = {
				ALWAYS_EMBED_SWIFT_STANDARD_LIBRARIES = YES;
				BUNDLE_LOADER = "$(TEST_HOST)";
				CODE_SIGN_STYLE = Automatic;
				DEVELOPMENT_TEAM = 9Q3AAX42YQ;
				INFOPLIST_FILE = ChatlerTests/Info.plist;
				IPHONEOS_DEPLOYMENT_TARGET = 14.5;
				LD_RUNPATH_SEARCH_PATHS = (
					"$(inherited)",
					"@executable_path/Frameworks",
					"@loader_path/Frameworks",
				);
				PRODUCT_BUNDLE_IDENTIFIER = LucasPereira.ChatlerTests;
				PRODUCT_NAME = "$(TARGET_NAME)";
				SWIFT_VERSION = 5.0;
				TARGETED_DEVICE_FAMILY = "1,2";
				TEST_HOST = "$(BUILT_PRODUCTS_DIR)/Chatler.app/Chatler";
			};
			name = Debug;
		};
		B1B0267626AF660B008F726F /* Release */ = {
			isa = XCBuildConfiguration;
			baseConfigurationReference = D3CC46EFE99BDEAC9AE8FE22 /* Pods-ChatlerTests.release.xcconfig */;
			buildSettings = {
				ALWAYS_EMBED_SWIFT_STANDARD_LIBRARIES = YES;
				BUNDLE_LOADER = "$(TEST_HOST)";
				CODE_SIGN_STYLE = Automatic;
				DEVELOPMENT_TEAM = 9Q3AAX42YQ;
				INFOPLIST_FILE = ChatlerTests/Info.plist;
				IPHONEOS_DEPLOYMENT_TARGET = 14.5;
				LD_RUNPATH_SEARCH_PATHS = (
					"$(inherited)",
					"@executable_path/Frameworks",
					"@loader_path/Frameworks",
				);
				PRODUCT_BUNDLE_IDENTIFIER = LucasPereira.ChatlerTests;
				PRODUCT_NAME = "$(TARGET_NAME)";
				SWIFT_VERSION = 5.0;
				TARGETED_DEVICE_FAMILY = "1,2";
				TEST_HOST = "$(BUILT_PRODUCTS_DIR)/Chatler.app/Chatler";
			};
			name = Release;
		};
		B1B0267826AF660B008F726F /* Debug */ = {
			isa = XCBuildConfiguration;
			baseConfigurationReference = 46077ADC570858C6EE51FCFB /* Pods-Chatler-ChatlerUITests.debug.xcconfig */;
			buildSettings = {
				ALWAYS_EMBED_SWIFT_STANDARD_LIBRARIES = YES;
				CODE_SIGN_STYLE = Automatic;
				DEVELOPMENT_TEAM = 9Q3AAX42YQ;
				INFOPLIST_FILE = ChatlerUITests/Info.plist;
				LD_RUNPATH_SEARCH_PATHS = (
					"$(inherited)",
					"@executable_path/Frameworks",
					"@loader_path/Frameworks",
				);
				PRODUCT_BUNDLE_IDENTIFIER = LucasPereira.ChatlerUITests;
				PRODUCT_NAME = "$(TARGET_NAME)";
				SWIFT_VERSION = 5.0;
				TARGETED_DEVICE_FAMILY = "1,2";
				TEST_TARGET_NAME = Chatler;
			};
			name = Debug;
		};
		B1B0267926AF660B008F726F /* Release */ = {
			isa = XCBuildConfiguration;
			baseConfigurationReference = 3F20A7756668B5AB356FBE62 /* Pods-Chatler-ChatlerUITests.release.xcconfig */;
			buildSettings = {
				ALWAYS_EMBED_SWIFT_STANDARD_LIBRARIES = YES;
				CODE_SIGN_STYLE = Automatic;
				DEVELOPMENT_TEAM = 9Q3AAX42YQ;
				INFOPLIST_FILE = ChatlerUITests/Info.plist;
				LD_RUNPATH_SEARCH_PATHS = (
					"$(inherited)",
					"@executable_path/Frameworks",
					"@loader_path/Frameworks",
				);
				PRODUCT_BUNDLE_IDENTIFIER = LucasPereira.ChatlerUITests;
				PRODUCT_NAME = "$(TARGET_NAME)";
				SWIFT_VERSION = 5.0;
				TARGETED_DEVICE_FAMILY = "1,2";
				TEST_TARGET_NAME = Chatler;
			};
			name = Release;
		};
/* End XCBuildConfiguration section */

/* Begin XCConfigurationList section */
		B1B0264226AF6608008F726F /* Build configuration list for PBXProject "Chatler" */ = {
			isa = XCConfigurationList;
			buildConfigurations = (
				B1B0266F26AF660B008F726F /* Debug */,
				B1B0267026AF660B008F726F /* Release */,
			);
			defaultConfigurationIsVisible = 0;
			defaultConfigurationName = Release;
		};
		B1B0267126AF660B008F726F /* Build configuration list for PBXNativeTarget "Chatler" */ = {
			isa = XCConfigurationList;
			buildConfigurations = (
				B1B0267226AF660B008F726F /* Debug */,
				B1B0267326AF660B008F726F /* Release */,
			);
			defaultConfigurationIsVisible = 0;
			defaultConfigurationName = Release;
		};
		B1B0267426AF660B008F726F /* Build configuration list for PBXNativeTarget "ChatlerTests" */ = {
			isa = XCConfigurationList;
			buildConfigurations = (
				B1B0267526AF660B008F726F /* Debug */,
				B1B0267626AF660B008F726F /* Release */,
			);
			defaultConfigurationIsVisible = 0;
			defaultConfigurationName = Release;
		};
		B1B0267726AF660B008F726F /* Build configuration list for PBXNativeTarget "ChatlerUITests" */ = {
			isa = XCConfigurationList;
			buildConfigurations = (
				B1B0267826AF660B008F726F /* Debug */,
				B1B0267926AF660B008F726F /* Release */,
			);
			defaultConfigurationIsVisible = 0;
			defaultConfigurationName = Release;
		};
/* End XCConfigurationList section */
	};
	rootObject = B1B0263F26AF6608008F726F /* Project object */;
}
